
Microsoft Visual Studio Solution File, Format Version 12.00
# Visual Studio Version 16
VisualStudioVersion = 16.0.30002.166
MinimumVisualStudioVersion = 10.0.40219.1
Project("{FAE04EC0-301F-11D3-BF4B-00C04F79EFBC}") = "Presentacion", "Presentacion\Presentacion.csproj", "{A6BEBE01-60C7-441F-996E-E2EAC23C2038}"
EndProject
Project("{FAE04EC0-301F-11D3-BF4B-00C04F79EFBC}") = "Dominio", "Dominio\Dominio.csproj", "{531AC526-7E3E-4E5E-9D71-1271E0C4DA32}"
EndProject
Project("{FAE04EC0-301F-11D3-BF4B-00C04F79EFBC}") = "AccesoDatos", "AccesoDatos\AccesoDatos.csproj", "{DCF3BE01-891C-4F3C-927B-87F41F682260}"
EndProject
Global
	GlobalSection(SolutionConfigurationPlatforms) = preSolution
		Debug|Any CPU = Debug|Any CPU
		Release|Any CPU = Release|Any CPU
	EndGlobalSection
	GlobalSection(ProjectConfigurationPlatforms) = postSolution
		{A6BEBE01-60C7-441F-996E-E2EAC23C2038}.Debug|Any CPU.ActiveCfg = Debug|Any CPU
		{A6BEBE01-60C7-441F-996E-E2EAC23C2038}.Debug|Any CPU.Build.0 = Debug|Any CPU
		{A6BEBE01-60C7-441F-996E-E2EAC23C2038}.Release|Any CPU.ActiveCfg = Release|Any CPU
		{A6BEBE01-60C7-441F-996E-E2EAC23C2038}.Release|Any CPU.Build.0 = Release|Any CPU
		{531AC526-7E3E-4E5E-9D71-1271E0C4DA32}.Debug|Any CPU.ActiveCfg = Debug|Any CPU
		{531AC526-7E3E-4E5E-9D71-1271E0C4DA32}.Debug|Any CPU.Build.0 = Debug|Any CPU
		{531AC526-7E3E-4E5E-9D71-1271E0C4DA32}.Release|Any CPU.ActiveCfg = Release|Any CPU
		{531AC526-7E3E-4E5E-9D71-1271E0C4DA32}.Release|Any CPU.Build.0 = Release|Any CPU
		{DCF3BE01-891C-4F3C-927B-87F41F682260}.Debug|Any CPU.ActiveCfg = Debug|Any CPU
		{DCF3BE01-891C-4F3C-927B-87F41F682260}.Debug|Any CPU.Build.0 = Debug|Any CPU
		{DCF3BE01-891C-4F3C-927B-87F41F682260}.Release|Any CPU.ActiveCfg = Release|Any CPU
		{DCF3BE01-891C-4F3C-927B-87F41F682260}.Release|Any CPU.Build.0 = Release|Any CPU
	EndGlobalSection
	GlobalSection(SolutionProperties) = preSolution
		HideSolutionNode = FALSE
	EndGlobalSection
	GlobalSection(ExtensibilityGlobals) = postSolution
		SolutionGuid = {44255B02-FED1-4400-A097-4D79FC2F05A5}
	EndGlobalSection
EndGlobal
